
Microsoft Visual Studio Solution File, Format Version 12.00
# Visual Studio 2013
VisualStudioVersion = 12.0.30723.0
MinimumVisualStudioVersion = 10.0.40219.1
Project("{FAE04EC0-301F-11D3-BF4B-00C04F79EFBC}") = "OpenTerra", "OpenTerra\OpenTerra.csproj", "{5898F847-8D82-45EB-A9C7-D2B1C4F15C2B}"
EndProject
Project("{FAE04EC0-301F-11D3-BF4B-00C04F79EFBC}") = "OpenTerra.Packages.Terraria", "Terraria\OpenTerra.Packages.Terraria\OpenTerra.Packages.Terraria.csproj", "{9F4661E3-F599-4669-B3CF-1B8BF1038C5A}"
EndProject
Global
	GlobalSection(SolutionConfigurationPlatforms) = preSolution
		Debug|Any CPU = Debug|Any CPU
		Release|Any CPU = Release|Any CPU
	EndGlobalSection
	GlobalSection(ProjectConfigurationPlatforms) = postSolution
		{5898F847-8D82-45EB-A9C7-D2B1C4F15C2B}.Debug|Any CPU.ActiveCfg = Debug|Any CPU
		{5898F847-8D82-45EB-A9C7-D2B1C4F15C2B}.Debug|Any CPU.Build.0 = Debug|Any CPU
		{5898F847-8D82-45EB-A9C7-D2B1C4F15C2B}.Release|Any CPU.ActiveCfg = Release|Any CPU
		{5898F847-8D82-45EB-A9C7-D2B1C4F15C2B}.Release|Any CPU.Build.0 = Release|Any CPU
		{9F4661E3-F599-4669-B3CF-1B8BF1038C5A}.Debug|Any CPU.ActiveCfg = Debug|Any CPU
		{9F4661E3-F599-4669-B3CF-1B8BF1038C5A}.Debug|Any CPU.Build.0 = Debug|Any CPU
		{9F4661E3-F599-4669-B3CF-1B8BF1038C5A}.Release|Any CPU.ActiveCfg = Release|Any CPU
		{9F4661E3-F599-4669-B3CF-1B8BF1038C5A}.Release|Any CPU.Build.0 = Release|Any CPU
	EndGlobalSection
	GlobalSection(SolutionProperties) = preSolution
		HideSolutionNode = FALSE
	EndGlobalSection
EndGlobal
